
Microsoft Visual Studio Solution File, Format Version 12.00
# Visual Studio Version 17
VisualStudioVersion = 17.11.35327.3
MinimumVisualStudioVersion = 10.0.40219.1
Project("{FAE04EC0-301F-11D3-BF4B-00C04F79EFBC}") = "Toth_Antonia-Patrisia_Lab2", "Toth_Antonia-Patrisia_Lab2.csproj", "{CF978591-2738-46AE-ABF5-3D0A2AD4BF5E}"
EndProject
Global
	GlobalSection(SolutionConfigurationPlatforms) = preSolution
		Debug|Any CPU = Debug|Any CPU
		Release|Any CPU = Release|Any CPU
	EndGlobalSection
	GlobalSection(ProjectConfigurationPlatforms) = postSolution
		{CF978591-2738-46AE-ABF5-3D0A2AD4BF5E}.Debug|Any CPU.ActiveCfg = Debug|Any CPU
		{CF978591-2738-46AE-ABF5-3D0A2AD4BF5E}.Debug|Any CPU.Build.0 = Debug|Any CPU
		{CF978591-2738-46AE-ABF5-3D0A2AD4BF5E}.Release|Any CPU.ActiveCfg = Release|Any CPU
		{CF978591-2738-46AE-ABF5-3D0A2AD4BF5E}.Release|Any CPU.Build.0 = Release|Any CPU
	EndGlobalSection
	GlobalSection(SolutionProperties) = preSolution
		HideSolutionNode = FALSE
	EndGlobalSection
	GlobalSection(ExtensibilityGlobals) = postSolution
		SolutionGuid = {B1722F19-666F-4F49-AE18-F7988A578CA7}
	EndGlobalSection
EndGlobal
